
Microsoft Visual Studio Solution File, Format Version 12.00
# Visual Studio 15
VisualStudioVersion = 15.0.27703.2026
MinimumVisualStudioVersion = 10.0.40219.1
Project("{9A19103F-16F7-4668-BE54-9A1E7A4F7556}") = "Shop.Web", "Shop\Shop.Web.csproj", "{C4ECFEFA-997D-4CA3-A996-586C21278AED}"
EndProject
Project("{9A19103F-16F7-4668-BE54-9A1E7A4F7556}") = "Shop.Services", "Shop.Services\Shop.Services.csproj", "{197F6CA5-5E37-4E75-A1C3-B826CFDD5483}"
EndProject
Project("{9A19103F-16F7-4668-BE54-9A1E7A4F7556}") = "Shop.Repository", "Shop.Repository\Shop.Repository.csproj", "{CD8AEC1F-1CC2-49D4-8745-C62AC6182096}"
EndProject
Project("{9A19103F-16F7-4668-BE54-9A1E7A4F7556}") = "Shop.Entities", "Shop.Entities\Shop.Entities.csproj", "{53888EB6-382A-474C-8C87-71B8047C9CF7}"
EndProject
Project("{9A19103F-16F7-4668-BE54-9A1E7A4F7556}") = "Shop.API", "Shop.API\Shop.API.csproj", "{B1FB605D-A6E2-4542-BE91-AC800EC4939F}"
EndProject
Project("{FAE04EC0-301F-11D3-BF4B-00C04F79EFBC}") = "Shop.Mobile.Android", "Shop.Mobile\Shop.Mobile.Android\Shop.Mobile.Android.csproj", "{F42B558E-BD7F-4A4B-B63E-872E516BF401}"
EndProject
Project("{FAE04EC0-301F-11D3-BF4B-00C04F79EFBC}") = "Shop.Mobile.iOS", "Shop.Mobile\Shop.Mobile.iOS\Shop.Mobile.iOS.csproj", "{42BBF4A0-A27B-4925-B81C-0D83BB12D980}"
EndProject
Project("{FAE04EC0-301F-11D3-BF4B-00C04F79EFBC}") = "Shop.Mobile.UWP", "Shop.Mobile\Shop.Mobile.UWP\Shop.Mobile.UWP.csproj", "{C4F17DAD-5A97-45B5-95C5-E56F7C007FBA}"
EndProject
Project("{D954291E-2A0B-460D-934E-DC6B0785DB48}") = "Shop.Mobile", "Shop.Mobile\Shop.Mobile\Shop.Mobile.shproj", "{AAB0BEC8-CA5B-4AD4-87F0-0DCA490ED0F3}"
EndProject
Project("{2150E333-8FDC-42A3-9474-1A3956D46DE8}") = "Mobile", "Mobile", "{BE95CAEF-9571-41C7-950C-848836C99C9D}"
EndProject
Global
	GlobalSection(SharedMSBuildProjectFiles) = preSolution
		Shop.Mobile\Shop.Mobile\Shop.Mobile.projitems*{42bbf4a0-a27b-4925-b81c-0d83bb12d980}*SharedItemsImports = 4
		Shop.Mobile\Shop.Mobile\Shop.Mobile.projitems*{aab0bec8-ca5b-4ad4-87f0-0dca490ed0f3}*SharedItemsImports = 13
		Shop.Mobile\Shop.Mobile\Shop.Mobile.projitems*{c4f17dad-5a97-45b5-95c5-e56f7c007fba}*SharedItemsImports = 4
		Shop.Mobile\Shop.Mobile\Shop.Mobile.projitems*{f42b558e-bd7f-4a4b-b63e-872e516bf401}*SharedItemsImports = 4
	EndGlobalSection
	GlobalSection(SolutionConfigurationPlatforms) = preSolution
		Ad-Hoc|Any CPU = Ad-Hoc|Any CPU
		Ad-Hoc|ARM = Ad-Hoc|ARM
		Ad-Hoc|iPhone = Ad-Hoc|iPhone
		Ad-Hoc|iPhoneSimulator = Ad-Hoc|iPhoneSimulator
		Ad-Hoc|x64 = Ad-Hoc|x64
		Ad-Hoc|x86 = Ad-Hoc|x86
		AppStore|Any CPU = AppStore|Any CPU
		AppStore|ARM = AppStore|ARM
		AppStore|iPhone = AppStore|iPhone
		AppStore|iPhoneSimulator = AppStore|iPhoneSimulator
		AppStore|x64 = AppStore|x64
		AppStore|x86 = AppStore|x86
		Debug|Any CPU = Debug|Any CPU
		Debug|ARM = Debug|ARM
		Debug|iPhone = Debug|iPhone
		Debug|iPhoneSimulator = Debug|iPhoneSimulator
		Debug|x64 = Debug|x64
		Debug|x86 = Debug|x86
		Release|Any CPU = Release|Any CPU
		Release|ARM = Release|ARM
		Release|iPhone = Release|iPhone
		Release|iPhoneSimulator = Release|iPhoneSimulator
		Release|x64 = Release|x64
		Release|x86 = Release|x86
	EndGlobalSection
	GlobalSection(ProjectConfigurationPlatforms) = postSolution
		{C4ECFEFA-997D-4CA3-A996-586C21278AED}.Ad-Hoc|Any CPU.ActiveCfg = Release|Any CPU
		{C4ECFEFA-997D-4CA3-A996-586C21278AED}.Ad-Hoc|Any CPU.Build.0 = Release|Any CPU
		{C4ECFEFA-997D-4CA3-A996-586C21278AED}.Ad-Hoc|ARM.ActiveCfg = Debug|Any CPU
		{C4ECFEFA-997D-4CA3-A996-586C21278AED}.Ad-Hoc|ARM.Build.0 = Debug|Any CPU
		{C4ECFEFA-997D-4CA3-A996-586C21278AED}.Ad-Hoc|iPhone.ActiveCfg = Release|Any CPU
		{C4ECFEFA-997D-4CA3-A996-586C21278AED}.Ad-Hoc|iPhone.Build.0 = Release|Any CPU
		{C4ECFEFA-997D-4CA3-A996-586C21278AED}.Ad-Hoc|iPhoneSimulator.ActiveCfg = Release|Any CPU
		{C4ECFEFA-997D-4CA3-A996-586C21278AED}.Ad-Hoc|iPhoneSimulator.Build.0 = Release|Any CPU
		{C4ECFEFA-997D-4CA3-A996-586C21278AED}.Ad-Hoc|x64.ActiveCfg = Debug|Any CPU
		{C4ECFEFA-997D-4CA3-A996-586C21278AED}.Ad-Hoc|x64.Build.0 = Debug|Any CPU
		{C4ECFEFA-997D-4CA3-A996-586C21278AED}.Ad-Hoc|x86.ActiveCfg = Debug|Any CPU
		{C4ECFEFA-997D-4CA3-A996-586C21278AED}.Ad-Hoc|x86.Build.0 = Debug|Any CPU
		{C4ECFEFA-997D-4CA3-A996-586C21278AED}.AppStore|Any CPU.ActiveCfg = Release|Any CPU
		{C4ECFEFA-997D-4CA3-A996-586C21278AED}.AppStore|Any CPU.Build.0 = Release|Any CPU
		{C4ECFEFA-997D-4CA3-A996-586C21278AED}.AppStore|ARM.ActiveCfg = Debug|Any CPU
		{C4ECFEFA-997D-4CA3-A996-586C21278AED}.AppStore|ARM.Build.0 = Debug|Any CPU
		{C4ECFEFA-997D-4CA3-A996-586C21278AED}.AppStore|iPhone.ActiveCfg = Release|Any CPU
		{C4ECFEFA-997D-4CA3-A996-586C21278AED}.AppStore|iPhone.Build.0 = Release|Any CPU
		{C4ECFEFA-997D-4CA3-A996-586C21278AED}.AppStore|iPhoneSimulator.ActiveCfg = Release|Any CPU
		{C4ECFEFA-997D-4CA3-A996-586C21278AED}.AppStore|iPhoneSimulator.Build.0 = Release|Any CPU
		{C4ECFEFA-997D-4CA3-A996-586C21278AED}.AppStore|x64.ActiveCfg = Debug|Any CPU
		{C4ECFEFA-997D-4CA3-A996-586C21278AED}.AppStore|x64.Build.0 = Debug|Any CPU
		{C4ECFEFA-997D-4CA3-A996-586C21278AED}.AppStore|x86.ActiveCfg = Debug|Any CPU
		{C4ECFEFA-997D-4CA3-A996-586C21278AED}.AppStore|x86.Build.0 = Debug|Any CPU
		{C4ECFEFA-997D-4CA3-A996-586C21278AED}.Debug|Any CPU.ActiveCfg = Debug|Any CPU
		{C4ECFEFA-997D-4CA3-A996-586C21278AED}.Debug|Any CPU.Build.0 = Debug|Any CPU
		{C4ECFEFA-997D-4CA3-A996-586C21278AED}.Debug|ARM.ActiveCfg = Debug|Any CPU
		{C4ECFEFA-997D-4CA3-A996-586C21278AED}.Debug|ARM.Build.0 = Debug|Any CPU
		{C4ECFEFA-997D-4CA3-A996-586C21278AED}.Debug|iPhone.ActiveCfg = Debug|Any CPU
		{C4ECFEFA-997D-4CA3-A996-586C21278AED}.Debug|iPhone.Build.0 = Debug|Any CPU
		{C4ECFEFA-997D-4CA3-A996-586C21278AED}.Debug|iPhoneSimulator.ActiveCfg = Debug|Any CPU
		{C4ECFEFA-997D-4CA3-A996-586C21278AED}.Debug|iPhoneSimulator.Build.0 = Debug|Any CPU
		{C4ECFEFA-997D-4CA3-A996-586C21278AED}.Debug|x64.ActiveCfg = Debug|Any CPU
		{C4ECFEFA-997D-4CA3-A996-586C21278AED}.Debug|x64.Build.0 = Debug|Any CPU
		{C4ECFEFA-997D-4CA3-A996-586C21278AED}.Debug|x86.ActiveCfg = Debug|Any CPU
		{C4ECFEFA-997D-4CA3-A996-586C21278AED}.Debug|x86.Build.0 = Debug|Any CPU
		{C4ECFEFA-997D-4CA3-A996-586C21278AED}.Release|Any CPU.ActiveCfg = Release|Any CPU
		{C4ECFEFA-997D-4CA3-A996-586C21278AED}.Release|Any CPU.Build.0 = Release|Any CPU
		{C4ECFEFA-997D-4CA3-A996-586C21278AED}.Release|ARM.ActiveCfg = Release|Any CPU
		{C4ECFEFA-997D-4CA3-A996-586C21278AED}.Release|ARM.Build.0 = Release|Any CPU
		{C4ECFEFA-997D-4CA3-A996-586C21278AED}.Release|iPhone.ActiveCfg = Release|Any CPU
		{C4ECFEFA-997D-4CA3-A996-586C21278AED}.Release|iPhone.Build.0 = Release|Any CPU
		{C4ECFEFA-997D-4CA3-A996-586C21278AED}.Release|iPhoneSimulator.ActiveCfg = Release|Any CPU
		{C4ECFEFA-997D-4CA3-A996-586C21278AED}.Release|iPhoneSimulator.Build.0 = Release|Any CPU
		{C4ECFEFA-997D-4CA3-A996-586C21278AED}.Release|x64.ActiveCfg = Release|Any CPU
		{C4ECFEFA-997D-4CA3-A996-586C21278AED}.Release|x64.Build.0 = Release|Any CPU
		{C4ECFEFA-997D-4CA3-A996-586C21278AED}.Release|x86.ActiveCfg = Release|Any CPU
		{C4ECFEFA-997D-4CA3-A996-586C21278AED}.Release|x86.Build.0 = Release|Any CPU
		{197F6CA5-5E37-4E75-A1C3-B826CFDD5483}.Ad-Hoc|Any CPU.ActiveCfg = Release|Any CPU
		{197F6CA5-5E37-4E75-A1C3-B826CFDD5483}.Ad-Hoc|Any CPU.Build.0 = Release|Any CPU
		{197F6CA5-5E37-4E75-A1C3-B826CFDD5483}.Ad-Hoc|ARM.ActiveCfg = Debug|Any CPU
		{197F6CA5-5E37-4E75-A1C3-B826CFDD5483}.Ad-Hoc|ARM.Build.0 = Debug|Any CPU
		{197F6CA5-5E37-4E75-A1C3-B826CFDD5483}.Ad-Hoc|iPhone.ActiveCfg = Release|Any CPU
		{197F6CA5-5E37-4E75-A1C3-B826CFDD5483}.Ad-Hoc|iPhone.Build.0 = Release|Any CPU
		{197F6CA5-5E37-4E75-A1C3-B826CFDD5483}.Ad-Hoc|iPhoneSimulator.ActiveCfg = Release|Any CPU
		{197F6CA5-5E37-4E75-A1C3-B826CFDD5483}.Ad-Hoc|iPhoneSimulator.Build.0 = Release|Any CPU
		{197F6CA5-5E37-4E75-A1C3-B826CFDD5483}.Ad-Hoc|x64.ActiveCfg = Debug|Any CPU
		{197F6CA5-5E37-4E75-A1C3-B826CFDD5483}.Ad-Hoc|x64.Build.0 = Debug|Any CPU
		{197F6CA5-5E37-4E75-A1C3-B826CFDD5483}.Ad-Hoc|x86.ActiveCfg = Debug|Any CPU
		{197F6CA5-5E37-4E75-A1C3-B826CFDD5483}.Ad-Hoc|x86.Build.0 = Debug|Any CPU
		{197F6CA5-5E37-4E75-A1C3-B826CFDD5483}.AppStore|Any CPU.ActiveCfg = Release|Any CPU
		{197F6CA5-5E37-4E75-A1C3-B826CFDD5483}.AppStore|Any CPU.Build.0 = Release|Any CPU
		{197F6CA5-5E37-4E75-A1C3-B826CFDD5483}.AppStore|ARM.ActiveCfg = Debug|Any CPU
		{197F6CA5-5E37-4E75-A1C3-B826CFDD5483}.AppStore|ARM.Build.0 = Debug|Any CPU
		{197F6CA5-5E37-4E75-A1C3-B826CFDD5483}.AppStore|iPhone.ActiveCfg = Release|Any CPU
		{197F6CA5-5E37-4E75-A1C3-B826CFDD5483}.AppStore|iPhone.Build.0 = Release|Any CPU
		{197F6CA5-5E37-4E75-A1C3-B826CFDD5483}.AppStore|iPhoneSimulator.ActiveCfg = Release|Any CPU
		{197F6CA5-5E37-4E75-A1C3-B826CFDD5483}.AppStore|iPhoneSimulator.Build.0 = Release|Any CPU
		{197F6CA5-5E37-4E75-A1C3-B826CFDD5483}.AppStore|x64.ActiveCfg = Debug|Any CPU
		{197F6CA5-5E37-4E75-A1C3-B826CFDD5483}.AppStore|x64.Build.0 = Debug|Any CPU
		{197F6CA5-5E37-4E75-A1C3-B826CFDD5483}.AppStore|x86.ActiveCfg = Debug|Any CPU
		{197F6CA5-5E37-4E75-A1C3-B826CFDD5483}.AppStore|x86.Build.0 = Debug|Any CPU
		{197F6CA5-5E37-4E75-A1C3-B826CFDD5483}.Debug|Any CPU.ActiveCfg = Debug|Any CPU
		{197F6CA5-5E37-4E75-A1C3-B826CFDD5483}.Debug|Any CPU.Build.0 = Debug|Any CPU
		{197F6CA5-5E37-4E75-A1C3-B826CFDD5483}.Debug|ARM.ActiveCfg = Debug|Any CPU
		{197F6CA5-5E37-4E75-A1C3-B826CFDD5483}.Debug|ARM.Build.0 = Debug|Any CPU
		{197F6CA5-5E37-4E75-A1C3-B826CFDD5483}.Debug|iPhone.ActiveCfg = Debug|Any CPU
		{197F6CA5-5E37-4E75-A1C3-B826CFDD5483}.Debug|iPhone.Build.0 = Debug|Any CPU
		{197F6CA5-5E37-4E75-A1C3-B826CFDD5483}.Debug|iPhoneSimulator.ActiveCfg = Debug|Any CPU
		{197F6CA5-5E37-4E75-A1C3-B826CFDD5483}.Debug|iPhoneSimulator.Build.0 = Debug|Any CPU
		{197F6CA5-5E37-4E75-A1C3-B826CFDD5483}.Debug|x64.ActiveCfg = Debug|Any CPU
		{197F6CA5-5E37-4E75-A1C3-B826CFDD5483}.Debug|x64.Build.0 = Debug|Any CPU
		{197F6CA5-5E37-4E75-A1C3-B826CFDD5483}.Debug|x86.ActiveCfg = Debug|Any CPU
		{197F6CA5-5E37-4E75-A1C3-B826CFDD5483}.Debug|x86.Build.0 = Debug|Any CPU
		{197F6CA5-5E37-4E75-A1C3-B826CFDD5483}.Release|Any CPU.ActiveCfg = Release|Any CPU
		{197F6CA5-5E37-4E75-A1C3-B826CFDD5483}.Release|Any CPU.Build.0 = Release|Any CPU
		{197F6CA5-5E37-4E75-A1C3-B826CFDD5483}.Release|ARM.ActiveCfg = Release|Any CPU
		{197F6CA5-5E37-4E75-A1C3-B826CFDD5483}.Release|ARM.Build.0 = Release|Any CPU
		{197F6CA5-5E37-4E75-A1C3-B826CFDD5483}.Release|iPhone.ActiveCfg = Release|Any CPU
		{197F6CA5-5E37-4E75-A1C3-B826CFDD5483}.Release|iPhone.Build.0 = Release|Any CPU
		{197F6CA5-5E37-4E75-A1C3-B826CFDD5483}.Release|iPhoneSimulator.ActiveCfg = Release|Any CPU
		{197F6CA5-5E37-4E75-A1C3-B826CFDD5483}.Release|iPhoneSimulator.Build.0 = Release|Any CPU
		{197F6CA5-5E37-4E75-A1C3-B826CFDD5483}.Release|x64.ActiveCfg = Release|Any CPU
		{197F6CA5-5E37-4E75-A1C3-B826CFDD5483}.Release|x64.Build.0 = Release|Any CPU
		{197F6CA5-5E37-4E75-A1C3-B826CFDD5483}.Release|x86.ActiveCfg = Release|Any CPU
		{197F6CA5-5E37-4E75-A1C3-B826CFDD5483}.Release|x86.Build.0 = Release|Any CPU
		{CD8AEC1F-1CC2-49D4-8745-C62AC6182096}.Ad-Hoc|Any CPU.ActiveCfg = Release|Any CPU
		{CD8AEC1F-1CC2-49D4-8745-C62AC6182096}.Ad-Hoc|Any CPU.Build.0 = Release|Any CPU
		{CD8AEC1F-1CC2-49D4-8745-C62AC6182096}.Ad-Hoc|ARM.ActiveCfg = Debug|Any CPU
		{CD8AEC1F-1CC2-49D4-8745-C62AC6182096}.Ad-Hoc|ARM.Build.0 = Debug|Any CPU
		{CD8AEC1F-1CC2-49D4-8745-C62AC6182096}.Ad-Hoc|iPhone.ActiveCfg = Release|Any CPU
		{CD8AEC1F-1CC2-49D4-8745-C62AC6182096}.Ad-Hoc|iPhone.Build.0 = Release|Any CPU
		{CD8AEC1F-1CC2-49D4-8745-C62AC6182096}.Ad-Hoc|iPhoneSimulator.ActiveCfg = Release|Any CPU
		{CD8AEC1F-1CC2-49D4-8745-C62AC6182096}.Ad-Hoc|iPhoneSimulator.Build.0 = Release|Any CPU
		{CD8AEC1F-1CC2-49D4-8745-C62AC6182096}.Ad-Hoc|x64.ActiveCfg = Debug|Any CPU
		{CD8AEC1F-1CC2-49D4-8745-C62AC6182096}.Ad-Hoc|x64.Build.0 = Debug|Any CPU
		{CD8AEC1F-1CC2-49D4-8745-C62AC6182096}.Ad-Hoc|x86.ActiveCfg = Debug|Any CPU
		{CD8AEC1F-1CC2-49D4-8745-C62AC6182096}.Ad-Hoc|x86.Build.0 = Debug|Any CPU
		{CD8AEC1F-1CC2-49D4-8745-C62AC6182096}.AppStore|Any CPU.ActiveCfg = Release|Any CPU
		{CD8AEC1F-1CC2-49D4-8745-C62AC6182096}.AppStore|Any CPU.Build.0 = Release|Any CPU
		{CD8AEC1F-1CC2-49D4-8745-C62AC6182096}.AppStore|ARM.ActiveCfg = Debug|Any CPU
		{CD8AEC1F-1CC2-49D4-8745-C62AC6182096}.AppStore|ARM.Build.0 = Debug|Any CPU
		{CD8AEC1F-1CC2-49D4-8745-C62AC6182096}.AppStore|iPhone.ActiveCfg = Release|Any CPU
		{CD8AEC1F-1CC2-49D4-8745-C62AC6182096}.AppStore|iPhone.Build.0 = Release|Any CPU
		{CD8AEC1F-1CC2-49D4-8745-C62AC6182096}.AppStore|iPhoneSimulator.ActiveCfg = Release|Any CPU
		{CD8AEC1F-1CC2-49D4-8745-C62AC6182096}.AppStore|iPhoneSimulator.Build.0 = Release|Any CPU
		{CD8AEC1F-1CC2-49D4-8745-C62AC6182096}.AppStore|x64.ActiveCfg = Debug|Any CPU
		{CD8AEC1F-1CC2-49D4-8745-C62AC6182096}.AppStore|x64.Build.0 = Debug|Any CPU
		{CD8AEC1F-1CC2-49D4-8745-C62AC6182096}.AppStore|x86.ActiveCfg = Debug|Any CPU
		{CD8AEC1F-1CC2-49D4-8745-C62AC6182096}.AppStore|x86.Build.0 = Debug|Any CPU
		{CD8AEC1F-1CC2-49D4-8745-C62AC6182096}.Debug|Any CPU.ActiveCfg = Debug|Any CPU
		{CD8AEC1F-1CC2-49D4-8745-C62AC6182096}.Debug|Any CPU.Build.0 = Debug|Any CPU
		{CD8AEC1F-1CC2-49D4-8745-C62AC6182096}.Debug|ARM.ActiveCfg = Debug|Any CPU
		{CD8AEC1F-1CC2-49D4-8745-C62AC6182096}.Debug|ARM.Build.0 = Debug|Any CPU
		{CD8AEC1F-1CC2-49D4-8745-C62AC6182096}.Debug|iPhone.ActiveCfg = Debug|Any CPU
		{CD8AEC1F-1CC2-49D4-8745-C62AC6182096}.Debug|iPhone.Build.0 = Debug|Any CPU
		{CD8AEC1F-1CC2-49D4-8745-C62AC6182096}.Debug|iPhoneSimulator.ActiveCfg = Debug|Any CPU
		{CD8AEC1F-1CC2-49D4-8745-C62AC6182096}.Debug|iPhoneSimulator.Build.0 = Debug|Any CPU
		{CD8AEC1F-1CC2-49D4-8745-C62AC6182096}.Debug|x64.ActiveCfg = Debug|Any CPU
		{CD8AEC1F-1CC2-49D4-8745-C62AC6182096}.Debug|x64.Build.0 = Debug|Any CPU
		{CD8AEC1F-1CC2-49D4-8745-C62AC6182096}.Debug|x86.ActiveCfg = Debug|Any CPU
		{CD8AEC1F-1CC2-49D4-8745-C62AC6182096}.Debug|x86.Build.0 = Debug|Any CPU
		{CD8AEC1F-1CC2-49D4-8745-C62AC6182096}.Release|Any CPU.ActiveCfg = Release|Any CPU
		{CD8AEC1F-1CC2-49D4-8745-C62AC6182096}.Release|Any CPU.Build.0 = Release|Any CPU
		{CD8AEC1F-1CC2-49D4-8745-C62AC6182096}.Release|ARM.ActiveCfg = Release|Any CPU
		{CD8AEC1F-1CC2-49D4-8745-C62AC6182096}.Release|ARM.Build.0 = Release|Any CPU
		{CD8AEC1F-1CC2-49D4-8745-C62AC6182096}.Release|iPhone.ActiveCfg = Release|Any CPU
		{CD8AEC1F-1CC2-49D4-8745-C62AC6182096}.Release|iPhone.Build.0 = Release|Any CPU
		{CD8AEC1F-1CC2-49D4-8745-C62AC6182096}.Release|iPhoneSimulator.ActiveCfg = Release|Any CPU
		{CD8AEC1F-1CC2-49D4-8745-C62AC6182096}.Release|iPhoneSimulator.Build.0 = Release|Any CPU
		{CD8AEC1F-1CC2-49D4-8745-C62AC6182096}.Release|x64.ActiveCfg = Release|Any CPU
		{CD8AEC1F-1CC2-49D4-8745-C62AC6182096}.Release|x64.Build.0 = Release|Any CPU
		{CD8AEC1F-1CC2-49D4-8745-C62AC6182096}.Release|x86.ActiveCfg = Release|Any CPU
		{CD8AEC1F-1CC2-49D4-8745-C62AC6182096}.Release|x86.Build.0 = Release|Any CPU
		{53888EB6-382A-474C-8C87-71B8047C9CF7}.Ad-Hoc|Any CPU.ActiveCfg = Release|Any CPU
		{53888EB6-382A-474C-8C87-71B8047C9CF7}.Ad-Hoc|Any CPU.Build.0 = Release|Any CPU
		{53888EB6-382A-474C-8C87-71B8047C9CF7}.Ad-Hoc|ARM.ActiveCfg = Debug|Any CPU
		{53888EB6-382A-474C-8C87-71B8047C9CF7}.Ad-Hoc|ARM.Build.0 = Debug|Any CPU
		{53888EB6-382A-474C-8C87-71B8047C9CF7}.Ad-Hoc|iPhone.ActiveCfg = Release|Any CPU
		{53888EB6-382A-474C-8C87-71B8047C9CF7}.Ad-Hoc|iPhone.Build.0 = Release|Any CPU
		{53888EB6-382A-474C-8C87-71B8047C9CF7}.Ad-Hoc|iPhoneSimulator.ActiveCfg = Release|Any CPU
		{53888EB6-382A-474C-8C87-71B8047C9CF7}.Ad-Hoc|iPhoneSimulator.Build.0 = Release|Any CPU
		{53888EB6-382A-474C-8C87-71B8047C9CF7}.Ad-Hoc|x64.ActiveCfg = Debug|Any CPU
		{53888EB6-382A-474C-8C87-71B8047C9CF7}.Ad-Hoc|x64.Build.0 = Debug|Any CPU
		{53888EB6-382A-474C-8C87-71B8047C9CF7}.Ad-Hoc|x86.ActiveCfg = Debug|Any CPU
		{53888EB6-382A-474C-8C87-71B8047C9CF7}.Ad-Hoc|x86.Build.0 = Debug|Any CPU
		{53888EB6-382A-474C-8C87-71B8047C9CF7}.AppStore|Any CPU.ActiveCfg = Release|Any CPU
		{53888EB6-382A-474C-8C87-71B8047C9CF7}.AppStore|Any CPU.Build.0 = Release|Any CPU
		{53888EB6-382A-474C-8C87-71B8047C9CF7}.AppStore|ARM.ActiveCfg = Debug|Any CPU
		{53888EB6-382A-474C-8C87-71B8047C9CF7}.AppStore|ARM.Build.0 = Debug|Any CPU
		{53888EB6-382A-474C-8C87-71B8047C9CF7}.AppStore|iPhone.ActiveCfg = Release|Any CPU
		{53888EB6-382A-474C-8C87-71B8047C9CF7}.AppStore|iPhone.Build.0 = Release|Any CPU
		{53888EB6-382A-474C-8C87-71B8047C9CF7}.AppStore|iPhoneSimulator.ActiveCfg = Release|Any CPU
		{53888EB6-382A-474C-8C87-71B8047C9CF7}.AppStore|iPhoneSimulator.Build.0 = Release|Any CPU
		{53888EB6-382A-474C-8C87-71B8047C9CF7}.AppStore|x64.ActiveCfg = Debug|Any CPU
		{53888EB6-382A-474C-8C87-71B8047C9CF7}.AppStore|x64.Build.0 = Debug|Any CPU
		{53888EB6-382A-474C-8C87-71B8047C9CF7}.AppStore|x86.ActiveCfg = Debug|Any CPU
		{53888EB6-382A-474C-8C87-71B8047C9CF7}.AppStore|x86.Build.0 = Debug|Any CPU
		{53888EB6-382A-474C-8C87-71B8047C9CF7}.Debug|Any CPU.ActiveCfg = Debug|Any CPU
		{53888EB6-382A-474C-8C87-71B8047C9CF7}.Debug|Any CPU.Build.0 = Debug|Any CPU
		{53888EB6-382A-474C-8C87-71B8047C9CF7}.Debug|ARM.ActiveCfg = Debug|Any CPU
		{53888EB6-382A-474C-8C87-71B8047C9CF7}.Debug|ARM.Build.0 = Debug|Any CPU
		{53888EB6-382A-474C-8C87-71B8047C9CF7}.Debug|iPhone.ActiveCfg = Debug|Any CPU
		{53888EB6-382A-474C-8C87-71B8047C9CF7}.Debug|iPhone.Build.0 = Debug|Any CPU
		{53888EB6-382A-474C-8C87-71B8047C9CF7}.Debug|iPhoneSimulator.ActiveCfg = Debug|Any CPU
		{53888EB6-382A-474C-8C87-71B8047C9CF7}.Debug|iPhoneSimulator.Build.0 = Debug|Any CPU
		{53888EB6-382A-474C-8C87-71B8047C9CF7}.Debug|x64.ActiveCfg = Debug|Any CPU
		{53888EB6-382A-474C-8C87-71B8047C9CF7}.Debug|x64.Build.0 = Debug|Any CPU
		{53888EB6-382A-474C-8C87-71B8047C9CF7}.Debug|x86.ActiveCfg = Debug|Any CPU
		{53888EB6-382A-474C-8C87-71B8047C9CF7}.Debug|x86.Build.0 = Debug|Any CPU
		{53888EB6-382A-474C-8C87-71B8047C9CF7}.Release|Any CPU.ActiveCfg = Release|Any CPU
		{53888EB6-382A-474C-8C87-71B8047C9CF7}.Release|Any CPU.Build.0 = Release|Any CPU
		{53888EB6-382A-474C-8C87-71B8047C9CF7}.Release|ARM.ActiveCfg = Release|Any CPU
		{53888EB6-382A-474C-8C87-71B8047C9CF7}.Release|ARM.Build.0 = Release|Any CPU
		{53888EB6-382A-474C-8C87-71B8047C9CF7}.Release|iPhone.ActiveCfg = Release|Any CPU
		{53888EB6-382A-474C-8C87-71B8047C9CF7}.Release|iPhone.Build.0 = Release|Any CPU
		{53888EB6-382A-474C-8C87-71B8047C9CF7}.Release|iPhoneSimulator.ActiveCfg = Release|Any CPU
		{53888EB6-382A-474C-8C87-71B8047C9CF7}.Release|iPhoneSimulator.Build.0 = Release|Any CPU
		{53888EB6-382A-474C-8C87-71B8047C9CF7}.Release|x64.ActiveCfg = Release|Any CPU
		{53888EB6-382A-474C-8C87-71B8047C9CF7}.Release|x64.Build.0 = Release|Any CPU
		{53888EB6-382A-474C-8C87-71B8047C9CF7}.Release|x86.ActiveCfg = Release|Any CPU
		{53888EB6-382A-474C-8C87-71B8047C9CF7}.Release|x86.Build.0 = Release|Any CPU
		{B1FB605D-A6E2-4542-BE91-AC800EC4939F}.Ad-Hoc|Any CPU.ActiveCfg = Debug|Any CPU
		{B1FB605D-A6E2-4542-BE91-AC800EC4939F}.Ad-Hoc|Any CPU.Build.0 = Debug|Any CPU
		{B1FB605D-A6E2-4542-BE91-AC800EC4939F}.Ad-Hoc|ARM.ActiveCfg = Release|Any CPU
		{B1FB605D-A6E2-4542-BE91-AC800EC4939F}.Ad-Hoc|ARM.Build.0 = Release|Any CPU
		{B1FB605D-A6E2-4542-BE91-AC800EC4939F}.Ad-Hoc|iPhone.ActiveCfg = Debug|Any CPU
		{B1FB605D-A6E2-4542-BE91-AC800EC4939F}.Ad-Hoc|iPhone.Build.0 = Debug|Any CPU
		{B1FB605D-A6E2-4542-BE91-AC800EC4939F}.Ad-Hoc|iPhoneSimulator.ActiveCfg = Debug|Any CPU
		{B1FB605D-A6E2-4542-BE91-AC800EC4939F}.Ad-Hoc|iPhoneSimulator.Build.0 = Debug|Any CPU
		{B1FB605D-A6E2-4542-BE91-AC800EC4939F}.Ad-Hoc|x64.ActiveCfg = Release|Any CPU
		{B1FB605D-A6E2-4542-BE91-AC800EC4939F}.Ad-Hoc|x64.Build.0 = Release|Any CPU
		{B1FB605D-A6E2-4542-BE91-AC800EC4939F}.Ad-Hoc|x86.ActiveCfg = Release|Any CPU
		{B1FB605D-A6E2-4542-BE91-AC800EC4939F}.Ad-Hoc|x86.Build.0 = Release|Any CPU
		{B1FB605D-A6E2-4542-BE91-AC800EC4939F}.AppStore|Any CPU.ActiveCfg = Debug|Any CPU
		{B1FB605D-A6E2-4542-BE91-AC800EC4939F}.AppStore|Any CPU.Build.0 = Debug|Any CPU
		{B1FB605D-A6E2-4542-BE91-AC800EC4939F}.AppStore|ARM.ActiveCfg = Release|Any CPU
		{B1FB605D-A6E2-4542-BE91-AC800EC4939F}.AppStore|ARM.Build.0 = Release|Any CPU
		{B1FB605D-A6E2-4542-BE91-AC800EC4939F}.AppStore|iPhone.ActiveCfg = Debug|Any CPU
		{B1FB605D-A6E2-4542-BE91-AC800EC4939F}.AppStore|iPhone.Build.0 = Debug|Any CPU
		{B1FB605D-A6E2-4542-BE91-AC800EC4939F}.AppStore|iPhoneSimulator.ActiveCfg = Debug|Any CPU
		{B1FB605D-A6E2-4542-BE91-AC800EC4939F}.AppStore|iPhoneSimulator.Build.0 = Debug|Any CPU
		{B1FB605D-A6E2-4542-BE91-AC800EC4939F}.AppStore|x64.ActiveCfg = Release|Any CPU
		{B1FB605D-A6E2-4542-BE91-AC800EC4939F}.AppStore|x64.Build.0 = Release|Any CPU
		{B1FB605D-A6E2-4542-BE91-AC800EC4939F}.AppStore|x86.ActiveCfg = Release|Any CPU
		{B1FB605D-A6E2-4542-BE91-AC800EC4939F}.AppStore|x86.Build.0 = Release|Any CPU
		{B1FB605D-A6E2-4542-BE91-AC800EC4939F}.Debug|Any CPU.ActiveCfg = Debug|Any CPU
		{B1FB605D-A6E2-4542-BE91-AC800EC4939F}.Debug|Any CPU.Build.0 = Debug|Any CPU
		{B1FB605D-A6E2-4542-BE91-AC800EC4939F}.Debug|ARM.ActiveCfg = Debug|Any CPU
		{B1FB605D-A6E2-4542-BE91-AC800EC4939F}.Debug|ARM.Build.0 = Debug|Any CPU
		{B1FB605D-A6E2-4542-BE91-AC800EC4939F}.Debug|iPhone.ActiveCfg = Debug|Any CPU
		{B1FB605D-A6E2-4542-BE91-AC800EC4939F}.Debug|iPhone.Build.0 = Debug|Any CPU
		{B1FB605D-A6E2-4542-BE91-AC800EC4939F}.Debug|iPhoneSimulator.ActiveCfg = Debug|Any CPU
		{B1FB605D-A6E2-4542-BE91-AC800EC4939F}.Debug|iPhoneSimulator.Build.0 = Debug|Any CPU
		{B1FB605D-A6E2-4542-BE91-AC800EC4939F}.Debug|x64.ActiveCfg = Debug|Any CPU
		{B1FB605D-A6E2-4542-BE91-AC800EC4939F}.Debug|x64.Build.0 = Debug|Any CPU
		{B1FB605D-A6E2-4542-BE91-AC800EC4939F}.Debug|x86.ActiveCfg = Debug|Any CPU
		{B1FB605D-A6E2-4542-BE91-AC800EC4939F}.Debug|x86.Build.0 = Debug|Any CPU
		{B1FB605D-A6E2-4542-BE91-AC800EC4939F}.Release|Any CPU.ActiveCfg = Release|Any CPU
		{B1FB605D-A6E2-4542-BE91-AC800EC4939F}.Release|Any CPU.Build.0 = Release|Any CPU
		{B1FB605D-A6E2-4542-BE91-AC800EC4939F}.Release|ARM.ActiveCfg = Release|Any CPU
		{B1FB605D-A6E2-4542-BE91-AC800EC4939F}.Release|ARM.Build.0 = Release|Any CPU
		{B1FB605D-A6E2-4542-BE91-AC800EC4939F}.Release|iPhone.ActiveCfg = Release|Any CPU
		{B1FB605D-A6E2-4542-BE91-AC800EC4939F}.Release|iPhone.Build.0 = Release|Any CPU
		{B1FB605D-A6E2-4542-BE91-AC800EC4939F}.Release|iPhoneSimulator.ActiveCfg = Release|Any CPU
		{B1FB605D-A6E2-4542-BE91-AC800EC4939F}.Release|iPhoneSimulator.Build.0 = Release|Any CPU
		{B1FB605D-A6E2-4542-BE91-AC800EC4939F}.Release|x64.ActiveCfg = Release|Any CPU
		{B1FB605D-A6E2-4542-BE91-AC800EC4939F}.Release|x64.Build.0 = Release|Any CPU
		{B1FB605D-A6E2-4542-BE91-AC800EC4939F}.Release|x86.ActiveCfg = Release|Any CPU
		{B1FB605D-A6E2-4542-BE91-AC800EC4939F}.Release|x86.Build.0 = Release|Any CPU
		{F42B558E-BD7F-4A4B-B63E-872E516BF401}.Ad-Hoc|Any CPU.ActiveCfg = Release|Any CPU
		{F42B558E-BD7F-4A4B-B63E-872E516BF401}.Ad-Hoc|Any CPU.Build.0 = Release|Any CPU
		{F42B558E-BD7F-4A4B-B63E-872E516BF401}.Ad-Hoc|Any CPU.Deploy.0 = Release|Any CPU
		{F42B558E-BD7F-4A4B-B63E-872E516BF401}.Ad-Hoc|ARM.ActiveCfg = Release|Any CPU
		{F42B558E-BD7F-4A4B-B63E-872E516BF401}.Ad-Hoc|ARM.Build.0 = Release|Any CPU
		{F42B558E-BD7F-4A4B-B63E-872E516BF401}.Ad-Hoc|ARM.Deploy.0 = Release|Any CPU
		{F42B558E-BD7F-4A4B-B63E-872E516BF401}.Ad-Hoc|iPhone.ActiveCfg = Release|Any CPU
		{F42B558E-BD7F-4A4B-B63E-872E516BF401}.Ad-Hoc|iPhone.Build.0 = Release|Any CPU
		{F42B558E-BD7F-4A4B-B63E-872E516BF401}.Ad-Hoc|iPhone.Deploy.0 = Release|Any CPU
		{F42B558E-BD7F-4A4B-B63E-872E516BF401}.Ad-Hoc|iPhoneSimulator.ActiveCfg = Release|Any CPU
		{F42B558E-BD7F-4A4B-B63E-872E516BF401}.Ad-Hoc|iPhoneSimulator.Build.0 = Release|Any CPU
		{F42B558E-BD7F-4A4B-B63E-872E516BF401}.Ad-Hoc|iPhoneSimulator.Deploy.0 = Release|Any CPU
		{F42B558E-BD7F-4A4B-B63E-872E516BF401}.Ad-Hoc|x64.ActiveCfg = Release|Any CPU
		{F42B558E-BD7F-4A4B-B63E-872E516BF401}.Ad-Hoc|x64.Build.0 = Release|Any CPU
		{F42B558E-BD7F-4A4B-B63E-872E516BF401}.Ad-Hoc|x64.Deploy.0 = Release|Any CPU
		{F42B558E-BD7F-4A4B-B63E-872E516BF401}.Ad-Hoc|x86.ActiveCfg = Release|Any CPU
		{F42B558E-BD7F-4A4B-B63E-872E516BF401}.Ad-Hoc|x86.Build.0 = Release|Any CPU
		{F42B558E-BD7F-4A4B-B63E-872E516BF401}.Ad-Hoc|x86.Deploy.0 = Release|Any CPU
		{F42B558E-BD7F-4A4B-B63E-872E516BF401}.AppStore|Any CPU.ActiveCfg = Release|Any CPU
		{F42B558E-BD7F-4A4B-B63E-872E516BF401}.AppStore|Any CPU.Build.0 = Release|Any CPU
		{F42B558E-BD7F-4A4B-B63E-872E516BF401}.AppStore|Any CPU.Deploy.0 = Release|Any CPU
		{F42B558E-BD7F-4A4B-B63E-872E516BF401}.AppStore|ARM.ActiveCfg = Release|Any CPU
		{F42B558E-BD7F-4A4B-B63E-872E516BF401}.AppStore|ARM.Build.0 = Release|Any CPU
		{F42B558E-BD7F-4A4B-B63E-872E516BF401}.AppStore|ARM.Deploy.0 = Release|Any CPU
		{F42B558E-BD7F-4A4B-B63E-872E516BF401}.AppStore|iPhone.ActiveCfg = Release|Any CPU
		{F42B558E-BD7F-4A4B-B63E-872E516BF401}.AppStore|iPhone.Build.0 = Release|Any CPU
		{F42B558E-BD7F-4A4B-B63E-872E516BF401}.AppStore|iPhone.Deploy.0 = Release|Any CPU
		{F42B558E-BD7F-4A4B-B63E-872E516BF401}.AppStore|iPhoneSimulator.ActiveCfg = Release|Any CPU
		{F42B558E-BD7F-4A4B-B63E-872E516BF401}.AppStore|iPhoneSimulator.Build.0 = Release|Any CPU
		{F42B558E-BD7F-4A4B-B63E-872E516BF401}.AppStore|iPhoneSimulator.Deploy.0 = Release|Any CPU
		{F42B558E-BD7F-4A4B-B63E-872E516BF401}.AppStore|x64.ActiveCfg = Release|Any CPU
		{F42B558E-BD7F-4A4B-B63E-872E516BF401}.AppStore|x64.Build.0 = Release|Any CPU
		{F42B558E-BD7F-4A4B-B63E-872E516BF401}.AppStore|x64.Deploy.0 = Release|Any CPU
		{F42B558E-BD7F-4A4B-B63E-872E516BF401}.AppStore|x86.ActiveCfg = Release|Any CPU
		{F42B558E-BD7F-4A4B-B63E-872E516BF401}.AppStore|x86.Build.0 = Release|Any CPU
		{F42B558E-BD7F-4A4B-B63E-872E516BF401}.AppStore|x86.Deploy.0 = Release|Any CPU
		{F42B558E-BD7F-4A4B-B63E-872E516BF401}.Debug|Any CPU.ActiveCfg = Debug|Any CPU
		{F42B558E-BD7F-4A4B-B63E-872E516BF401}.Debug|Any CPU.Build.0 = Debug|Any CPU
		{F42B558E-BD7F-4A4B-B63E-872E516BF401}.Debug|Any CPU.Deploy.0 = Debug|Any CPU
		{F42B558E-BD7F-4A4B-B63E-872E516BF401}.Debug|ARM.ActiveCfg = Debug|Any CPU
		{F42B558E-BD7F-4A4B-B63E-872E516BF401}.Debug|ARM.Build.0 = Debug|Any CPU
		{F42B558E-BD7F-4A4B-B63E-872E516BF401}.Debug|ARM.Deploy.0 = Debug|Any CPU
		{F42B558E-BD7F-4A4B-B63E-872E516BF401}.Debug|iPhone.ActiveCfg = Debug|Any CPU
		{F42B558E-BD7F-4A4B-B63E-872E516BF401}.Debug|iPhone.Build.0 = Debug|Any CPU
		{F42B558E-BD7F-4A4B-B63E-872E516BF401}.Debug|iPhone.Deploy.0 = Debug|Any CPU
		{F42B558E-BD7F-4A4B-B63E-872E516BF401}.Debug|iPhoneSimulator.ActiveCfg = Debug|Any CPU
		{F42B558E-BD7F-4A4B-B63E-872E516BF401}.Debug|iPhoneSimulator.Build.0 = Debug|Any CPU
		{F42B558E-BD7F-4A4B-B63E-872E516BF401}.Debug|iPhoneSimulator.Deploy.0 = Debug|Any CPU
		{F42B558E-BD7F-4A4B-B63E-872E516BF401}.Debug|x64.ActiveCfg = Debug|Any CPU
		{F42B558E-BD7F-4A4B-B63E-872E516BF401}.Debug|x64.Build.0 = Debug|Any CPU
		{F42B558E-BD7F-4A4B-B63E-872E516BF401}.Debug|x64.Deploy.0 = Debug|Any CPU
		{F42B558E-BD7F-4A4B-B63E-872E516BF401}.Debug|x86.ActiveCfg = Debug|Any CPU
		{F42B558E-BD7F-4A4B-B63E-872E516BF401}.Debug|x86.Build.0 = Debug|Any CPU
		{F42B558E-BD7F-4A4B-B63E-872E516BF401}.Debug|x86.Deploy.0 = Debug|Any CPU
		{F42B558E-BD7F-4A4B-B63E-872E516BF401}.Release|Any CPU.ActiveCfg = Release|Any CPU
		{F42B558E-BD7F-4A4B-B63E-872E516BF401}.Release|Any CPU.Build.0 = Release|Any CPU
		{F42B558E-BD7F-4A4B-B63E-872E516BF401}.Release|Any CPU.Deploy.0 = Release|Any CPU
		{F42B558E-BD7F-4A4B-B63E-872E516BF401}.Release|ARM.ActiveCfg = Release|Any CPU
		{F42B558E-BD7F-4A4B-B63E-872E516BF401}.Release|ARM.Build.0 = Release|Any CPU
		{F42B558E-BD7F-4A4B-B63E-872E516BF401}.Release|ARM.Deploy.0 = Release|Any CPU
		{F42B558E-BD7F-4A4B-B63E-872E516BF401}.Release|iPhone.ActiveCfg = Release|Any CPU
		{F42B558E-BD7F-4A4B-B63E-872E516BF401}.Release|iPhone.Build.0 = Release|Any CPU
		{F42B558E-BD7F-4A4B-B63E-872E516BF401}.Release|iPhone.Deploy.0 = Release|Any CPU
		{F42B558E-BD7F-4A4B-B63E-872E516BF401}.Release|iPhoneSimulator.ActiveCfg = Release|Any CPU
		{F42B558E-BD7F-4A4B-B63E-872E516BF401}.Release|iPhoneSimulator.Build.0 = Release|Any CPU
		{F42B558E-BD7F-4A4B-B63E-872E516BF401}.Release|iPhoneSimulator.Deploy.0 = Release|Any CPU
		{F42B558E-BD7F-4A4B-B63E-872E516BF401}.Release|x64.ActiveCfg = Release|Any CPU
		{F42B558E-BD7F-4A4B-B63E-872E516BF401}.Release|x64.Build.0 = Release|Any CPU
		{F42B558E-BD7F-4A4B-B63E-872E516BF401}.Release|x64.Deploy.0 = Release|Any CPU
		{F42B558E-BD7F-4A4B-B63E-872E516BF401}.Release|x86.ActiveCfg = Release|Any CPU
		{F42B558E-BD7F-4A4B-B63E-872E516BF401}.Release|x86.Build.0 = Release|Any CPU
		{F42B558E-BD7F-4A4B-B63E-872E516BF401}.Release|x86.Deploy.0 = Release|Any CPU
		{42BBF4A0-A27B-4925-B81C-0D83BB12D980}.Ad-Hoc|Any CPU.ActiveCfg = Ad-Hoc|iPhone
		{42BBF4A0-A27B-4925-B81C-0D83BB12D980}.Ad-Hoc|ARM.ActiveCfg = Ad-Hoc|iPhone
		{42BBF4A0-A27B-4925-B81C-0D83BB12D980}.Ad-Hoc|iPhone.ActiveCfg = Ad-Hoc|iPhone
		{42BBF4A0-A27B-4925-B81C-0D83BB12D980}.Ad-Hoc|iPhone.Build.0 = Ad-Hoc|iPhone
		{42BBF4A0-A27B-4925-B81C-0D83BB12D980}.Ad-Hoc|iPhoneSimulator.ActiveCfg = Ad-Hoc|iPhoneSimulator
		{42BBF4A0-A27B-4925-B81C-0D83BB12D980}.Ad-Hoc|iPhoneSimulator.Build.0 = Ad-Hoc|iPhoneSimulator
		{42BBF4A0-A27B-4925-B81C-0D83BB12D980}.Ad-Hoc|x64.ActiveCfg = Ad-Hoc|iPhone
		{42BBF4A0-A27B-4925-B81C-0D83BB12D980}.Ad-Hoc|x86.ActiveCfg = Ad-Hoc|iPhone
		{42BBF4A0-A27B-4925-B81C-0D83BB12D980}.AppStore|Any CPU.ActiveCfg = AppStore|iPhone
		{42BBF4A0-A27B-4925-B81C-0D83BB12D980}.AppStore|ARM.ActiveCfg = AppStore|iPhone
		{42BBF4A0-A27B-4925-B81C-0D83BB12D980}.AppStore|iPhone.ActiveCfg = AppStore|iPhone
		{42BBF4A0-A27B-4925-B81C-0D83BB12D980}.AppStore|iPhone.Build.0 = AppStore|iPhone
		{42BBF4A0-A27B-4925-B81C-0D83BB12D980}.AppStore|iPhoneSimulator.ActiveCfg = AppStore|iPhoneSimulator
		{42BBF4A0-A27B-4925-B81C-0D83BB12D980}.AppStore|iPhoneSimulator.Build.0 = AppStore|iPhoneSimulator
		{42BBF4A0-A27B-4925-B81C-0D83BB12D980}.AppStore|x64.ActiveCfg = AppStore|iPhone
		{42BBF4A0-A27B-4925-B81C-0D83BB12D980}.AppStore|x86.ActiveCfg = AppStore|iPhone
		{42BBF4A0-A27B-4925-B81C-0D83BB12D980}.Debug|Any CPU.ActiveCfg = Debug|iPhone
		{42BBF4A0-A27B-4925-B81C-0D83BB12D980}.Debug|ARM.ActiveCfg = Debug|iPhone
		{42BBF4A0-A27B-4925-B81C-0D83BB12D980}.Debug|iPhone.ActiveCfg = Debug|iPhone
		{42BBF4A0-A27B-4925-B81C-0D83BB12D980}.Debug|iPhone.Build.0 = Debug|iPhone
		{42BBF4A0-A27B-4925-B81C-0D83BB12D980}.Debug|iPhoneSimulator.ActiveCfg = Debug|iPhoneSimulator
		{42BBF4A0-A27B-4925-B81C-0D83BB12D980}.Debug|iPhoneSimulator.Build.0 = Debug|iPhoneSimulator
		{42BBF4A0-A27B-4925-B81C-0D83BB12D980}.Debug|x64.ActiveCfg = Debug|iPhone
		{42BBF4A0-A27B-4925-B81C-0D83BB12D980}.Debug|x86.ActiveCfg = Debug|iPhone
		{42BBF4A0-A27B-4925-B81C-0D83BB12D980}.Release|Any CPU.ActiveCfg = Release|iPhone
		{42BBF4A0-A27B-4925-B81C-0D83BB12D980}.Release|ARM.ActiveCfg = Release|iPhone
		{42BBF4A0-A27B-4925-B81C-0D83BB12D980}.Release|iPhone.ActiveCfg = Release|iPhone
		{42BBF4A0-A27B-4925-B81C-0D83BB12D980}.Release|iPhone.Build.0 = Release|iPhone
		{42BBF4A0-A27B-4925-B81C-0D83BB12D980}.Release|iPhoneSimulator.ActiveCfg = Release|iPhoneSimulator
		{42BBF4A0-A27B-4925-B81C-0D83BB12D980}.Release|iPhoneSimulator.Build.0 = Release|iPhoneSimulator
		{42BBF4A0-A27B-4925-B81C-0D83BB12D980}.Release|x64.ActiveCfg = Release|iPhone
		{42BBF4A0-A27B-4925-B81C-0D83BB12D980}.Release|x86.ActiveCfg = Release|iPhone
		{C4F17DAD-5A97-45B5-95C5-E56F7C007FBA}.Ad-Hoc|Any CPU.ActiveCfg = Release|x86
		{C4F17DAD-5A97-45B5-95C5-E56F7C007FBA}.Ad-Hoc|Any CPU.Build.0 = Release|x86
		{C4F17DAD-5A97-45B5-95C5-E56F7C007FBA}.Ad-Hoc|Any CPU.Deploy.0 = Release|x86
		{C4F17DAD-5A97-45B5-95C5-E56F7C007FBA}.Ad-Hoc|ARM.ActiveCfg = Release|ARM
		{C4F17DAD-5A97-45B5-95C5-E56F7C007FBA}.Ad-Hoc|ARM.Build.0 = Release|ARM
		{C4F17DAD-5A97-45B5-95C5-E56F7C007FBA}.Ad-Hoc|ARM.Deploy.0 = Release|ARM
		{C4F17DAD-5A97-45B5-95C5-E56F7C007FBA}.Ad-Hoc|iPhone.ActiveCfg = Release|x86
		{C4F17DAD-5A97-45B5-95C5-E56F7C007FBA}.Ad-Hoc|iPhone.Build.0 = Release|x86
		{C4F17DAD-5A97-45B5-95C5-E56F7C007FBA}.Ad-Hoc|iPhone.Deploy.0 = Release|x86
		{C4F17DAD-5A97-45B5-95C5-E56F7C007FBA}.Ad-Hoc|iPhoneSimulator.ActiveCfg = Release|x86
		{C4F17DAD-5A97-45B5-95C5-E56F7C007FBA}.Ad-Hoc|iPhoneSimulator.Build.0 = Release|x86
		{C4F17DAD-5A97-45B5-95C5-E56F7C007FBA}.Ad-Hoc|iPhoneSimulator.Deploy.0 = Release|x86
		{C4F17DAD-5A97-45B5-95C5-E56F7C007FBA}.Ad-Hoc|x64.ActiveCfg = Release|x64
		{C4F17DAD-5A97-45B5-95C5-E56F7C007FBA}.Ad-Hoc|x64.Build.0 = Release|x64
		{C4F17DAD-5A97-45B5-95C5-E56F7C007FBA}.Ad-Hoc|x64.Deploy.0 = Release|x64
		{C4F17DAD-5A97-45B5-95C5-E56F7C007FBA}.Ad-Hoc|x86.ActiveCfg = Release|x86
		{C4F17DAD-5A97-45B5-95C5-E56F7C007FBA}.Ad-Hoc|x86.Build.0 = Release|x86
		{C4F17DAD-5A97-45B5-95C5-E56F7C007FBA}.Ad-Hoc|x86.Deploy.0 = Release|x86
		{C4F17DAD-5A97-45B5-95C5-E56F7C007FBA}.AppStore|Any CPU.ActiveCfg = Release|x86
		{C4F17DAD-5A97-45B5-95C5-E56F7C007FBA}.AppStore|Any CPU.Build.0 = Release|x86
		{C4F17DAD-5A97-45B5-95C5-E56F7C007FBA}.AppStore|Any CPU.Deploy.0 = Release|x86
		{C4F17DAD-5A97-45B5-95C5-E56F7C007FBA}.AppStore|ARM.ActiveCfg = Release|ARM
		{C4F17DAD-5A97-45B5-95C5-E56F7C007FBA}.AppStore|ARM.Build.0 = Release|ARM
		{C4F17DAD-5A97-45B5-95C5-E56F7C007FBA}.AppStore|ARM.Deploy.0 = Release|ARM
		{C4F17DAD-5A97-45B5-95C5-E56F7C007FBA}.AppStore|iPhone.ActiveCfg = Release|x86
		{C4F17DAD-5A97-45B5-95C5-E56F7C007FBA}.AppStore|iPhone.Build.0 = Release|x86
		{C4F17DAD-5A97-45B5-95C5-E56F7C007FBA}.AppStore|iPhone.Deploy.0 = Release|x86
		{C4F17DAD-5A97-45B5-95C5-E56F7C007FBA}.AppStore|iPhoneSimulator.ActiveCfg = Release|x86
		{C4F17DAD-5A97-45B5-95C5-E56F7C007FBA}.AppStore|iPhoneSimulator.Build.0 = Release|x86
		{C4F17DAD-5A97-45B5-95C5-E56F7C007FBA}.AppStore|iPhoneSimulator.Deploy.0 = Release|x86
		{C4F17DAD-5A97-45B5-95C5-E56F7C007FBA}.AppStore|x64.ActiveCfg = Release|x64
		{C4F17DAD-5A97-45B5-95C5-E56F7C007FBA}.AppStore|x64.Build.0 = Release|x64
		{C4F17DAD-5A97-45B5-95C5-E56F7C007FBA}.AppStore|x64.Deploy.0 = Release|x64
		{C4F17DAD-5A97-45B5-95C5-E56F7C007FBA}.AppStore|x86.ActiveCfg = Release|x86
		{C4F17DAD-5A97-45B5-95C5-E56F7C007FBA}.AppStore|x86.Build.0 = Release|x86
		{C4F17DAD-5A97-45B5-95C5-E56F7C007FBA}.AppStore|x86.Deploy.0 = Release|x86
		{C4F17DAD-5A97-45B5-95C5-E56F7C007FBA}.Debug|Any CPU.ActiveCfg = Debug|x86
		{C4F17DAD-5A97-45B5-95C5-E56F7C007FBA}.Debug|ARM.ActiveCfg = Debug|ARM
		{C4F17DAD-5A97-45B5-95C5-E56F7C007FBA}.Debug|ARM.Build.0 = Debug|ARM
		{C4F17DAD-5A97-45B5-95C5-E56F7C007FBA}.Debug|ARM.Deploy.0 = Debug|ARM
		{C4F17DAD-5A97-45B5-95C5-E56F7C007FBA}.Debug|iPhone.ActiveCfg = Debug|x86
		{C4F17DAD-5A97-45B5-95C5-E56F7C007FBA}.Debug|iPhoneSimulator.ActiveCfg = Debug|x86
		{C4F17DAD-5A97-45B5-95C5-E56F7C007FBA}.Debug|x64.ActiveCfg = Debug|x64
		{C4F17DAD-5A97-45B5-95C5-E56F7C007FBA}.Debug|x64.Build.0 = Debug|x64
		{C4F17DAD-5A97-45B5-95C5-E56F7C007FBA}.Debug|x64.Deploy.0 = Debug|x64
		{C4F17DAD-5A97-45B5-95C5-E56F7C007FBA}.Debug|x86.ActiveCfg = Debug|x86
		{C4F17DAD-5A97-45B5-95C5-E56F7C007FBA}.Debug|x86.Build.0 = Debug|x86
		{C4F17DAD-5A97-45B5-95C5-E56F7C007FBA}.Debug|x86.Deploy.0 = Debug|x86
		{C4F17DAD-5A97-45B5-95C5-E56F7C007FBA}.Release|Any CPU.ActiveCfg = Release|x86
		{C4F17DAD-5A97-45B5-95C5-E56F7C007FBA}.Release|ARM.ActiveCfg = Release|ARM
		{C4F17DAD-5A97-45B5-95C5-E56F7C007FBA}.Release|ARM.Build.0 = Release|ARM
		{C4F17DAD-5A97-45B5-95C5-E56F7C007FBA}.Release|ARM.Deploy.0 = Release|ARM
		{C4F17DAD-5A97-45B5-95C5-E56F7C007FBA}.Release|iPhone.ActiveCfg = Release|x86
		{C4F17DAD-5A97-45B5-95C5-E56F7C007FBA}.Release|iPhoneSimulator.ActiveCfg = Release|x86
		{C4F17DAD-5A97-45B5-95C5-E56F7C007FBA}.Release|x64.ActiveCfg = Release|x64
		{C4F17DAD-5A97-45B5-95C5-E56F7C007FBA}.Release|x64.Build.0 = Release|x64
		{C4F17DAD-5A97-45B5-95C5-E56F7C007FBA}.Release|x64.Deploy.0 = Release|x64
		{C4F17DAD-5A97-45B5-95C5-E56F7C007FBA}.Release|x86.ActiveCfg = Release|x86
		{C4F17DAD-5A97-45B5-95C5-E56F7C007FBA}.Release|x86.Build.0 = Release|x86
		{C4F17DAD-5A97-45B5-95C5-E56F7C007FBA}.Release|x86.Deploy.0 = Release|x86
	EndGlobalSection
	GlobalSection(SolutionProperties) = preSolution
		HideSolutionNode = FALSE
	EndGlobalSection
	GlobalSection(NestedProjects) = preSolution
		{F42B558E-BD7F-4A4B-B63E-872E516BF401} = {BE95CAEF-9571-41C7-950C-848836C99C9D}
		{42BBF4A0-A27B-4925-B81C-0D83BB12D980} = {BE95CAEF-9571-41C7-950C-848836C99C9D}
		{C4F17DAD-5A97-45B5-95C5-E56F7C007FBA} = {BE95CAEF-9571-41C7-950C-848836C99C9D}
		{AAB0BEC8-CA5B-4AD4-87F0-0DCA490ED0F3} = {BE95CAEF-9571-41C7-950C-848836C99C9D}
	EndGlobalSection
	GlobalSection(ExtensibilityGlobals) = postSolution
		SolutionGuid = {C24E97E9-7751-403A-8F70-94E46DBF6021}
	EndGlobalSection
EndGlobal
